
Microsoft Visual Studio Solution File, Format Version 12.00
# Visual Studio Version 17
VisualStudioVersion = 17.5.33530.505
MinimumVisualStudioVersion = 10.0.40219.1
Project("{9A19103F-16F7-4668-BE54-9A1E7A4F7556}") = "Example", "Example\Example.csproj", "{763C31EF-0246-4199-BBB8-F72E0671CC3C}"
EndProject
Project("{9A19103F-16F7-4668-BE54-9A1E7A4F7556}") = "SquareLibrary", "SquareLibrary\SquareLibrary.csproj", "{E2CEBDE1-C7C3-41FC-B2E5-47475C1A58E6}"
EndProject
Project("{FAE04EC0-301F-11D3-BF4B-00C04F79EFBC}") = "Tests", "Tests\Tests.csproj", "{2315A7AD-B064-42D7-B1F5-7604BF7D05BF}"
EndProject
Global
	GlobalSection(SolutionConfigurationPlatforms) = preSolution
		Debug|Any CPU = Debug|Any CPU
		Release|Any CPU = Release|Any CPU
	EndGlobalSection
	GlobalSection(ProjectConfigurationPlatforms) = postSolution
		{763C31EF-0246-4199-BBB8-F72E0671CC3C}.Debug|Any CPU.ActiveCfg = Debug|Any CPU
		{763C31EF-0246-4199-BBB8-F72E0671CC3C}.Debug|Any CPU.Build.0 = Debug|Any CPU
		{763C31EF-0246-4199-BBB8-F72E0671CC3C}.Release|Any CPU.ActiveCfg = Release|Any CPU
		{763C31EF-0246-4199-BBB8-F72E0671CC3C}.Release|Any CPU.Build.0 = Release|Any CPU
		{E2CEBDE1-C7C3-41FC-B2E5-47475C1A58E6}.Debug|Any CPU.ActiveCfg = Debug|Any CPU
		{E2CEBDE1-C7C3-41FC-B2E5-47475C1A58E6}.Debug|Any CPU.Build.0 = Debug|Any CPU
		{E2CEBDE1-C7C3-41FC-B2E5-47475C1A58E6}.Release|Any CPU.ActiveCfg = Release|Any CPU
		{E2CEBDE1-C7C3-41FC-B2E5-47475C1A58E6}.Release|Any CPU.Build.0 = Release|Any CPU
		{2315A7AD-B064-42D7-B1F5-7604BF7D05BF}.Debug|Any CPU.ActiveCfg = Debug|Any CPU
		{2315A7AD-B064-42D7-B1F5-7604BF7D05BF}.Debug|Any CPU.Build.0 = Debug|Any CPU
		{2315A7AD-B064-42D7-B1F5-7604BF7D05BF}.Release|Any CPU.ActiveCfg = Release|Any CPU
		{2315A7AD-B064-42D7-B1F5-7604BF7D05BF}.Release|Any CPU.Build.0 = Release|Any CPU
	EndGlobalSection
	GlobalSection(SolutionProperties) = preSolution
		HideSolutionNode = FALSE
	EndGlobalSection
	GlobalSection(ExtensibilityGlobals) = postSolution
		SolutionGuid = {09BBD9EE-B2FF-4490-9668-2B83208A4AF7}
	EndGlobalSection
EndGlobal
